// !$*UTF8*$!
{
	archiveVersion = 1;
	classes = {
	};
	objectVersion = 46;
	objects = {

/* Begin PBXBuildFile section */
		932906B75695BBB5A44E4CE7 /* Pods_JLTestTests.framework in Frameworks */ = {isa = PBXBuildFile; fileRef = 360FCE423D6E4B7C10E79CED /* Pods_JLTestTests.framework */; };
		B161E18A1E6F26CB00692820 /* AppDelegate.swift in Sources */ = {isa = PBXBuildFile; fileRef = B161E1891E6F26CB00692820 /* AppDelegate.swift */; };
		B161E1911E6F26CB00692820 /* Assets.xcassets in Resources */ = {isa = PBXBuildFile; fileRef = B161E1901E6F26CB00692820 /* Assets.xcassets */; };
		B161E1941E6F26CB00692820 /* LaunchScreen.storyboard in Resources */ = {isa = PBXBuildFile; fileRef = B161E1921E6F26CB00692820 /* LaunchScreen.storyboard */; };
		B161E19F1E6F26CB00692820 /* JLTestTests.swift in Sources */ = {isa = PBXBuildFile; fileRef = B161E19E1E6F26CB00692820 /* JLTestTests.swift */; };
		B161E1B31E6F296400692820 /* ProductsStoryboard.storyboard in Resources */ = {isa = PBXBuildFile; fileRef = B161E1B21E6F296400692820 /* ProductsStoryboard.storyboard */; };
		B161E1B51E6F29A200692820 /* ProductGridViewController.swift in Sources */ = {isa = PBXBuildFile; fileRef = B161E1B41E6F29A200692820 /* ProductGridViewController.swift */; };
		BF6C5C5F7B2E98B941ACD100 /* Pods_JLTest.framework in Frameworks */ = {isa = PBXBuildFile; fileRef = C53A90FA43A548EE6D974C0B /* Pods_JLTest.framework */; };
/* End PBXBuildFile section */

/* Begin PBXContainerItemProxy section */
		B161E19B1E6F26CB00692820 /* PBXContainerItemProxy */ = {
			isa = PBXContainerItemProxy;
			containerPortal = B161E17E1E6F26CB00692820 /* Project object */;
			proxyType = 1;
			remoteGlobalIDString = B161E1851E6F26CB00692820;
			remoteInfo = JLTest;
		};
/* End PBXContainerItemProxy section */

/* Begin PBXFileReference section */
		08111AEE66C484A00A7A1AC7 /* Pods-JLTestTests.debug.xcconfig */ = {isa = PBXFileReference; includeInIndex = 1; lastKnownFileType = text.xcconfig; name = "Pods-JLTestTests.debug.xcconfig"; path = "Pods/Target Support Files/Pods-JLTestTests/Pods-JLTestTests.debug.xcconfig"; sourceTree = "<group>"; };
		123D170EDEB7186FD39D93E0 /* Pods-JLTest.release.xcconfig */ = {isa = PBXFileReference; includeInIndex = 1; lastKnownFileType = text.xcconfig; name = "Pods-JLTest.release.xcconfig"; path = "Pods/Target Support Files/Pods-JLTest/Pods-JLTest.release.xcconfig"; sourceTree = "<group>"; };
		360FCE423D6E4B7C10E79CED /* Pods_JLTestTests.framework */ = {isa = PBXFileReference; explicitFileType = wrapper.framework; includeInIndex = 0; path = Pods_JLTestTests.framework; sourceTree = BUILT_PRODUCTS_DIR; };
		9716156A6C0A45D24E010D28 /* Pods-JLTest.debug.xcconfig */ = {isa = PBXFileReference; includeInIndex = 1; lastKnownFileType = text.xcconfig; name = "Pods-JLTest.debug.xcconfig"; path = "Pods/Target Support Files/Pods-JLTest/Pods-JLTest.debug.xcconfig"; sourceTree = "<group>"; };
		B161E1861E6F26CB00692820 /* JLTest.app */ = {isa = PBXFileReference; explicitFileType = wrapper.application; includeInIndex = 0; path = JLTest.app; sourceTree = BUILT_PRODUCTS_DIR; };
		B161E1891E6F26CB00692820 /* AppDelegate.swift */ = {isa = PBXFileReference; lastKnownFileType = sourcecode.swift; path = AppDelegate.swift; sourceTree = "<group>"; };
		B161E1901E6F26CB00692820 /* Assets.xcassets */ = {isa = PBXFileReference; lastKnownFileType = folder.assetcatalog; path = Assets.xcassets; sourceTree = "<group>"; };
		B161E1931E6F26CB00692820 /* Base */ = {isa = PBXFileReference; lastKnownFileType = file.storyboard; name = Base; path = Base.lproj/LaunchScreen.storyboard; sourceTree = "<group>"; };
		B161E1951E6F26CB00692820 /* Info.plist */ = {isa = PBXFileReference; lastKnownFileType = text.plist.xml; path = Info.plist; sourceTree = "<group>"; };
		B161E19A1E6F26CB00692820 /* JLTestTests.xctest */ = {isa = PBXFileReference; explicitFileType = wrapper.cfbundle; includeInIndex = 0; path = JLTestTests.xctest; sourceTree = BUILT_PRODUCTS_DIR; };
		B161E19E1E6F26CB00692820 /* JLTestTests.swift */ = {isa = PBXFileReference; lastKnownFileType = sourcecode.swift; path = JLTestTests.swift; sourceTree = "<group>"; };
		B161E1A01E6F26CB00692820 /* Info.plist */ = {isa = PBXFileReference; lastKnownFileType = text.plist.xml; path = Info.plist; sourceTree = "<group>"; };
		B161E1B21E6F296400692820 /* ProductsStoryboard.storyboard */ = {isa = PBXFileReference; fileEncoding = 4; lastKnownFileType = file.storyboard; name = ProductsStoryboard.storyboard; path = Views/ProductsStoryboard.storyboard; sourceTree = "<group>"; };
		B161E1B41E6F29A200692820 /* ProductGridViewController.swift */ = {isa = PBXFileReference; fileEncoding = 4; lastKnownFileType = sourcecode.swift; name = ProductGridViewController.swift; path = ViewControlers/ProductGridViewController.swift; sourceTree = "<group>"; };
		B572B1F8B31546544CBC8DB5 /* Pods-JLTestTests.release.xcconfig */ = {isa = PBXFileReference; includeInIndex = 1; lastKnownFileType = text.xcconfig; name = "Pods-JLTestTests.release.xcconfig"; path = "Pods/Target Support Files/Pods-JLTestTests/Pods-JLTestTests.release.xcconfig"; sourceTree = "<group>"; };
		C53A90FA43A548EE6D974C0B /* Pods_JLTest.framework */ = {isa = PBXFileReference; explicitFileType = wrapper.framework; includeInIndex = 0; path = Pods_JLTest.framework; sourceTree = BUILT_PRODUCTS_DIR; };
/* End PBXFileReference section */

/* Begin PBXFrameworksBuildPhase section */
		B161E1831E6F26CB00692820 /* Frameworks */ = {
			isa = PBXFrameworksBuildPhase;
			buildActionMask = 2147483647;
			files = (
				BF6C5C5F7B2E98B941ACD100 /* Pods_JLTest.framework in Frameworks */,
			);
			runOnlyForDeploymentPostprocessing = 0;
		};
		B161E1971E6F26CB00692820 /* Frameworks */ = {
			isa = PBXFrameworksBuildPhase;
			buildActionMask = 2147483647;
			files = (
				932906B75695BBB5A44E4CE7 /* Pods_JLTestTests.framework in Frameworks */,
			);
			runOnlyForDeploymentPostprocessing = 0;
		};
/* End PBXFrameworksBuildPhase section */

/* Begin PBXGroup section */
		40B788E360B66A48F22E1411 /* Frameworks */ = {
			isa = PBXGroup;
			children = (
				C53A90FA43A548EE6D974C0B /* Pods_JLTest.framework */,
				360FCE423D6E4B7C10E79CED /* Pods_JLTestTests.framework */,
			);
			name = Frameworks;
			sourceTree = "<group>";
		};
		B161E17D1E6F26CB00692820 = {
			isa = PBXGroup;
			children = (
				B161E1881E6F26CB00692820 /* JLTest */,
				B161E19D1E6F26CB00692820 /* JLTestTests */,
				B161E1871E6F26CB00692820 /* Products */,
				FCD1060233C2F71F1F5FCDCD /* Pods */,
				40B788E360B66A48F22E1411 /* Frameworks */,
			);
			sourceTree = "<group>";
		};
		B161E1871E6F26CB00692820 /* Products */ = {
			isa = PBXGroup;
			children = (
				B161E1861E6F26CB00692820 /* JLTest.app */,
				B161E19A1E6F26CB00692820 /* JLTestTests.xctest */,
			);
			name = Products;
			sourceTree = "<group>";
		};
		B161E1881E6F26CB00692820 /* JLTest */ = {
			isa = PBXGroup;
			children = (
				B161E1B01E6F271F00692820 /* Extensions */,
				B161E1AF1E6F270E00692820 /* Models */,
				B161E1AE1E6F270800692820 /* Resources */,
				B161E1AD1E6F26FF00692820 /* ModelViewControlers */,
				B161E1AC1E6F26F800692820 /* ViewControllers */,
				B161E1AB1E6F26EF00692820 /* Views */,
				B161E1AA1E6F26E500692820 /* Services */,
				B161E1A91E6F26DC00692820 /* Coordinators */,
				B161E1891E6F26CB00692820 /* AppDelegate.swift */,
			);
			path = JLTest;
			sourceTree = "<group>";
		};
		B161E19D1E6F26CB00692820 /* JLTestTests */ = {
			isa = PBXGroup;
			children = (
				B161E19E1E6F26CB00692820 /* JLTestTests.swift */,
				B161E1A01E6F26CB00692820 /* Info.plist */,
			);
			path = JLTestTests;
			sourceTree = "<group>";
		};
		B161E1A91E6F26DC00692820 /* Coordinators */ = {
			isa = PBXGroup;
			children = (
			);
			name = Coordinators;
			sourceTree = "<group>";
		};
		B161E1AA1E6F26E500692820 /* Services */ = {
			isa = PBXGroup;
			children = (
			);
			name = Services;
			sourceTree = "<group>";
		};
		B161E1AB1E6F26EF00692820 /* Views */ = {
			isa = PBXGroup;
			children = (
				B161E1921E6F26CB00692820 /* LaunchScreen.storyboard */,
				B161E1B21E6F296400692820 /* ProductsStoryboard.storyboard */,
			);
			name = Views;
			sourceTree = "<group>";
		};
		B161E1AC1E6F26F800692820 /* ViewControllers */ = {
			isa = PBXGroup;
			children = (
				B161E1B41E6F29A200692820 /* ProductGridViewController.swift */,
			);
			name = ViewControllers;
			sourceTree = "<group>";
		};
		B161E1AD1E6F26FF00692820 /* ModelViewControlers */ = {
			isa = PBXGroup;
			children = (
			);
			name = ModelViewControlers;
			sourceTree = "<group>";
		};
		B161E1AE1E6F270800692820 /* Resources */ = {
			isa = PBXGroup;
			children = (
				B161E1901E6F26CB00692820 /* Assets.xcassets */,
				B161E1951E6F26CB00692820 /* Info.plist */,
			);
			name = Resources;
			sourceTree = "<group>";
		};
		B161E1AF1E6F270E00692820 /* Models */ = {
			isa = PBXGroup;
			children = (
			);
			name = Models;
			sourceTree = "<group>";
		};
		B161E1B01E6F271F00692820 /* Extensions */ = {
			isa = PBXGroup;
			children = (
			);
			name = Extensions;
			sourceTree = "<group>";
		};
		FCD1060233C2F71F1F5FCDCD /* Pods */ = {
			isa = PBXGroup;
			children = (
				9716156A6C0A45D24E010D28 /* Pods-JLTest.debug.xcconfig */,
				123D170EDEB7186FD39D93E0 /* Pods-JLTest.release.xcconfig */,
				08111AEE66C484A00A7A1AC7 /* Pods-JLTestTests.debug.xcconfig */,
				B572B1F8B31546544CBC8DB5 /* Pods-JLTestTests.release.xcconfig */,
			);
			name = Pods;
			sourceTree = "<group>";
		};
/* End PBXGroup section */

/* Begin PBXNativeTarget section */
		B161E1851E6F26CB00692820 /* JLTest */ = {
			isa = PBXNativeTarget;
			buildConfigurationList = B161E1A31E6F26CB00692820 /* Build configuration list for PBXNativeTarget "JLTest" */;
			buildPhases = (
				CAB26A1787CEE0AEFE9E4B3C /* [CP] Check Pods Manifest.lock */,
				B161E1821E6F26CB00692820 /* Sources */,
				B161E1831E6F26CB00692820 /* Frameworks */,
				B161E1841E6F26CB00692820 /* Resources */,
				D453BFD8451F0A825E4F0D47 /* [CP] Embed Pods Frameworks */,
				4ED724B3CEF9A034E8066821 /* [CP] Copy Pods Resources */,
				B161E1B11E6F282B00692820 /* Swiftlint */,
			);
			buildRules = (
			);
			dependencies = (
			);
			name = JLTest;
			productName = JLTest;
			productReference = B161E1861E6F26CB00692820 /* JLTest.app */;
			productType = "com.apple.product-type.application";
		};
		B161E1991E6F26CB00692820 /* JLTestTests */ = {
			isa = PBXNativeTarget;
			buildConfigurationList = B161E1A61E6F26CB00692820 /* Build configuration list for PBXNativeTarget "JLTestTests" */;
			buildPhases = (
				3BEB6832B23FE78A8432540D /* [CP] Check Pods Manifest.lock */,
				B161E1961E6F26CB00692820 /* Sources */,
				B161E1971E6F26CB00692820 /* Frameworks */,
				B161E1981E6F26CB00692820 /* Resources */,
				F6B558C2011BA6641DC2EC95 /* [CP] Embed Pods Frameworks */,
				EF8D9505C0D10B784C140311 /* [CP] Copy Pods Resources */,
			);
			buildRules = (
			);
			dependencies = (
				B161E19C1E6F26CB00692820 /* PBXTargetDependency */,
			);
			name = JLTestTests;
			productName = JLTestTests;
			productReference = B161E19A1E6F26CB00692820 /* JLTestTests.xctest */;
			productType = "com.apple.product-type.bundle.unit-test";
		};
/* End PBXNativeTarget section */

/* Begin PBXProject section */
		B161E17E1E6F26CB00692820 /* Project object */ = {
			isa = PBXProject;
			attributes = {
				LastSwiftUpdateCheck = 0820;
				LastUpgradeCheck = 0820;
				ORGANIZATIONNAME = "Filtercode Ltd";
				TargetAttributes = {
					B161E1851E6F26CB00692820 = {
						CreatedOnToolsVersion = 8.2.1;
						DevelopmentTeam = 5R59WRDGLW;
						ProvisioningStyle = Automatic;
					};
					B161E1991E6F26CB00692820 = {
						CreatedOnToolsVersion = 8.2.1;
						DevelopmentTeam = 5R59WRDGLW;
						ProvisioningStyle = Automatic;
						TestTargetID = B161E1851E6F26CB00692820;
					};
				};
			};
			buildConfigurationList = B161E1811E6F26CB00692820 /* Build configuration list for PBXProject "JLTest" */;
			compatibilityVersion = "Xcode 3.2";
			developmentRegion = English;
			hasScannedForEncodings = 0;
			knownRegions = (
				en,
				Base,
			);
			mainGroup = B161E17D1E6F26CB00692820;
			productRefGroup = B161E1871E6F26CB00692820 /* Products */;
			projectDirPath = "";
			projectRoot = "";
			targets = (
				B161E1851E6F26CB00692820 /* JLTest */,
				B161E1991E6F26CB00692820 /* JLTestTests */,
			);
		};
/* End PBXProject section */

/* Begin PBXResourcesBuildPhase section */
		B161E1841E6F26CB00692820 /* Resources */ = {
			isa = PBXResourcesBuildPhase;
			buildActionMask = 2147483647;
			files = (
				B161E1941E6F26CB00692820 /* LaunchScreen.storyboard in Resources */,
				B161E1911E6F26CB00692820 /* Assets.xcassets in Resources */,
				B161E1B31E6F296400692820 /* ProductsStoryboard.storyboard in Resources */,
			);
			runOnlyForDeploymentPostprocessing = 0;
		};
		B161E1981E6F26CB00692820 /* Resources */ = {
			isa = PBXResourcesBuildPhase;
			buildActionMask = 2147483647;
			files = (
			);
			runOnlyForDeploymentPostprocessing = 0;
		};
/* End PBXResourcesBuildPhase section */

/* Begin PBXShellScriptBuildPhase section */
		3BEB6832B23FE78A8432540D /* [CP] Check Pods Manifest.lock */ = {
			isa = PBXShellScriptBuildPhase;
			buildActionMask = 2147483647;
			files = (
			);
			inputPaths = (
			);
			name = "[CP] Check Pods Manifest.lock";
			outputPaths = (
			);
			runOnlyForDeploymentPostprocessing = 0;
			shellPath = /bin/sh;
			shellScript = "diff \"${PODS_ROOT}/../Podfile.lock\" \"${PODS_ROOT}/Manifest.lock\" > /dev/null\nif [ $? != 0 ] ; then\n    # print error to STDERR\n    echo \"error: The sandbox is not in sync with the Podfile.lock. Run 'pod install' or update your CocoaPods installation.\" >&2\n    exit 1\nfi\n";
			showEnvVarsInLog = 0;
		};
		4ED724B3CEF9A034E8066821 /* [CP] Copy Pods Resources */ = {
			isa = PBXShellScriptBuildPhase;
			buildActionMask = 2147483647;
			files = (
			);
			inputPaths = (
			);
			name = "[CP] Copy Pods Resources";
			outputPaths = (
			);
			runOnlyForDeploymentPostprocessing = 0;
			shellPath = /bin/sh;
			shellScript = "\"${SRCROOT}/Pods/Target Support Files/Pods-JLTest/Pods-JLTest-resources.sh\"\n";
			showEnvVarsInLog = 0;
		};
		B161E1B11E6F282B00692820 /* Swiftlint */ = {
			isa = PBXShellScriptBuildPhase;
			buildActionMask = 2147483647;
			files = (
			);
			inputPaths = (
			);
			name = Swiftlint;
			outputPaths = (
			);
			runOnlyForDeploymentPostprocessing = 0;
			shellPath = /bin/sh;
			shellScript = "${PODS_ROOT}/SwiftLint/swiftlint";
		};
		CAB26A1787CEE0AEFE9E4B3C /* [CP] Check Pods Manifest.lock */ = {
			isa = PBXShellScriptBuildPhase;
			buildActionMask = 2147483647;
			files = (
			);
			inputPaths = (
			);
			name = "[CP] Check Pods Manifest.lock";
			outputPaths = (
			);
			runOnlyForDeploymentPostprocessing = 0;
			shellPath = /bin/sh;
			shellScript = "diff \"${PODS_ROOT}/../Podfile.lock\" \"${PODS_ROOT}/Manifest.lock\" > /dev/null\nif [ $? != 0 ] ; then\n    # print error to STDERR\n    echo \"error: The sandbox is not in sync with the Podfile.lock. Run 'pod install' or update your CocoaPods installation.\" >&2\n    exit 1\nfi\n";
			showEnvVarsInLog = 0;
		};
		D453BFD8451F0A825E4F0D47 /* [CP] Embed Pods Frameworks */ = {
			isa = PBXShellScriptBuildPhase;
			buildActionMask = 2147483647;
			files = (
			);
			inputPaths = (
			);
			name = "[CP] Embed Pods Frameworks";
			outputPaths = (
			);
			runOnlyForDeploymentPostprocessing = 0;
			shellPath = /bin/sh;
			shellScript = "\"${SRCROOT}/Pods/Target Support Files/Pods-JLTest/Pods-JLTest-frameworks.sh\"\n";
			showEnvVarsInLog = 0;
		};
		EF8D9505C0D10B784C140311 /* [CP] Copy Pods Resources */ = {
			isa = PBXShellScriptBuildPhase;
			buildActionMask = 2147483647;
			files = (
			);
			inputPaths = (
			);
			name = "[CP] Copy Pods Resources";
			outputPaths = (
			);
			runOnlyForDeploymentPostprocessing = 0;
			shellPath = /bin/sh;
			shellScript = "\"${SRCROOT}/Pods/Target Support Files/Pods-JLTestTests/Pods-JLTestTests-resources.sh\"\n";
			showEnvVarsInLog = 0;
		};
		F6B558C2011BA6641DC2EC95 /* [CP] Embed Pods Frameworks */ = {
			isa = PBXShellScriptBuildPhase;
			buildActionMask = 2147483647;
			files = (
			);
			inputPaths = (
			);
			name = "[CP] Embed Pods Frameworks";
			outputPaths = (
			);
			runOnlyForDeploymentPostprocessing = 0;
			shellPath = /bin/sh;
			shellScript = "\"${SRCROOT}/Pods/Target Support Files/Pods-JLTestTests/Pods-JLTestTests-frameworks.sh\"\n";
			showEnvVarsInLog = 0;
		};
/* End PBXShellScriptBuildPhase section */

/* Begin PBXSourcesBuildPhase section */
		B161E1821E6F26CB00692820 /* Sources */ = {
			isa = PBXSourcesBuildPhase;
			buildActionMask = 2147483647;
			files = (
				B161E1B51E6F29A200692820 /* ProductGridViewController.swift in Sources */,
				B161E18A1E6F26CB00692820 /* AppDelegate.swift in Sources */,
			);
			runOnlyForDeploymentPostprocessing = 0;
		};
		B161E1961E6F26CB00692820 /* Sources */ = {
			isa = PBXSourcesBuildPhase;
			buildActionMask = 2147483647;
			files = (
				B161E19F1E6F26CB00692820 /* JLTestTests.swift in Sources */,
			);
			runOnlyForDeploymentPostprocessing = 0;
		};
/* End PBXSourcesBuildPhase section */

/* Begin PBXTargetDependency section */
		B161E19C1E6F26CB00692820 /* PBXTargetDependency */ = {
			isa = PBXTargetDependency;
			target = B161E1851E6F26CB00692820 /* JLTest */;
			targetProxy = B161E19B1E6F26CB00692820 /* PBXContainerItemProxy */;
		};
/* End PBXTargetDependency section */

/* Begin PBXVariantGroup section */
		B161E1921E6F26CB00692820 /* LaunchScreen.storyboard */ = {
			isa = PBXVariantGroup;
			children = (
				B161E1931E6F26CB00692820 /* Base */,
			);
			name = LaunchScreen.storyboard;
			sourceTree = "<group>";
		};
/* End PBXVariantGroup section */

/* Begin XCBuildConfiguration section */
		B161E1A11E6F26CB00692820 /* Debug */ = {
			isa = XCBuildConfiguration;
			buildSettings = {
				ALWAYS_SEARCH_USER_PATHS = NO;
				CLANG_ANALYZER_NONNULL = YES;
				CLANG_CXX_LANGUAGE_STANDARD = "gnu++0x";
				CLANG_CXX_LIBRARY = "libc++";
				CLANG_ENABLE_MODULES = YES;
				CLANG_ENABLE_OBJC_ARC = YES;
				CLANG_WARN_BOOL_CONVERSION = YES;
				CLANG_WARN_CONSTANT_CONVERSION = YES;
				CLANG_WARN_DIRECT_OBJC_ISA_USAGE = YES_ERROR;
				CLANG_WARN_DOCUMENTATION_COMMENTS = YES;
				CLANG_WARN_EMPTY_BODY = YES;
				CLANG_WARN_ENUM_CONVERSION = YES;
				CLANG_WARN_INFINITE_RECURSION = YES;
				CLANG_WARN_INT_CONVERSION = YES;
				CLANG_WARN_OBJC_ROOT_CLASS = YES_ERROR;
				CLANG_WARN_SUSPICIOUS_MOVE = YES;
				CLANG_WARN_UNREACHABLE_CODE = YES;
				CLANG_WARN__DUPLICATE_METHOD_MATCH = YES;
				"CODE_SIGN_IDENTITY[sdk=iphoneos*]" = "iPhone Developer";
				COPY_PHASE_STRIP = NO;
				DEBUG_INFORMATION_FORMAT = dwarf;
				ENABLE_STRICT_OBJC_MSGSEND = YES;
				ENABLE_TESTABILITY = YES;
				GCC_C_LANGUAGE_STANDARD = gnu99;
				GCC_DYNAMIC_NO_PIC = NO;
				GCC_NO_COMMON_BLOCKS = YES;
				GCC_OPTIMIZATION_LEVEL = 0;
				GCC_PREPROCESSOR_DEFINITIONS = (
					"DEBUG=1",
					"$(inherited)",
				);
				GCC_WARN_64_TO_32_BIT_CONVERSION = YES;
				GCC_WARN_ABOUT_RETURN_TYPE = YES_ERROR;
				GCC_WARN_UNDECLARED_SELECTOR = YES;
				GCC_WARN_UNINITIALIZED_AUTOS = YES_AGGRESSIVE;
				GCC_WARN_UNUSED_FUNCTION = YES;
				GCC_WARN_UNUSED_VARIABLE = YES;
				IPHONEOS_DEPLOYMENT_TARGET = 10.2;
				MTL_ENABLE_DEBUG_INFO = YES;
				ONLY_ACTIVE_ARCH = YES;
				SDKROOT = iphoneos;
				SWIFT_ACTIVE_COMPILATION_CONDITIONS = DEBUG;
				SWIFT_OPTIMIZATION_LEVEL = "-Onone";
				TARGETED_DEVICE_FAMILY = "1,2";
			};
			name = Debug;
		};
		B161E1A21E6F26CB00692820 /* Release */ = {
			isa = XCBuildConfiguration;
			buildSettings = {
				ALWAYS_SEARCH_USER_PATHS = NO;
				CLANG_ANALYZER_NONNULL = YES;
				CLANG_CXX_LANGUAGE_STANDARD = "gnu++0x";
				CLANG_CXX_LIBRARY = "libc++";
				CLANG_ENABLE_MODULES = YES;
				CLANG_ENABLE_OBJC_ARC = YES;
				CLANG_WARN_BOOL_CONVERSION = YES;
				CLANG_WARN_CONSTANT_CONVERSION = YES;
				CLANG_WARN_DIRECT_OBJC_ISA_USAGE = YES_ERROR;
				CLANG_WARN_DOCUMENTATION_COMMENTS = YES;
				CLANG_WARN_EMPTY_BODY = YES;
				CLANG_WARN_ENUM_CONVERSION = YES;
				CLANG_WARN_INFINITE_RECURSION = YES;
				CLANG_WARN_INT_CONVERSION = YES;
				CLANG_WARN_OBJC_ROOT_CLASS = YES_ERROR;
				CLANG_WARN_SUSPICIOUS_MOVE = YES;
				CLANG_WARN_UNREACHABLE_CODE = YES;
				CLANG_WARN__DUPLICATE_METHOD_MATCH = YES;
				"CODE_SIGN_IDENTITY[sdk=iphoneos*]" = "iPhone Developer";
				COPY_PHASE_STRIP = NO;
				DEBUG_INFORMATION_FORMAT = "dwarf-with-dsym";
				ENABLE_NS_ASSERTIONS = NO;
				ENABLE_STRICT_OBJC_MSGSEND = YES;
				GCC_C_LANGUAGE_STANDARD = gnu99;
				GCC_NO_COMMON_BLOCKS = YES;
				GCC_WARN_64_TO_32_BIT_CONVERSION = YES;
				GCC_WARN_ABOUT_RETURN_TYPE = YES_ERROR;
				GCC_WARN_UNDECLARED_SELECTOR = YES;
				GCC_WARN_UNINITIALIZED_AUTOS = YES_AGGRESSIVE;
				GCC_WARN_UNUSED_FUNCTION = YES;
				GCC_WARN_UNUSED_VARIABLE = YES;
				IPHONEOS_DEPLOYMENT_TARGET = 10.2;
				MTL_ENABLE_DEBUG_INFO = NO;
				SDKROOT = iphoneos;
				SWIFT_OPTIMIZATION_LEVEL = "-Owholemodule";
				TARGETED_DEVICE_FAMILY = "1,2";
				VALIDATE_PRODUCT = YES;
			};
			name = Release;
		};
		B161E1A41E6F26CB00692820 /* Debug */ = {
			isa = XCBuildConfiguration;
			baseConfigurationReference = 9716156A6C0A45D24E010D28 /* Pods-JLTest.debug.xcconfig */;
			buildSettings = {
				ASSETCATALOG_COMPILER_APPICON_NAME = AppIcon;
				DEVELOPMENT_TEAM = 5R59WRDGLW;
				INFOPLIST_FILE = JLTest/Info.plist;
				LD_RUNPATH_SEARCH_PATHS = "$(inherited) @executable_path/Frameworks";
				PRODUCT_BUNDLE_IDENTIFIER = com.filtercode.JLTest;
				PRODUCT_NAME = "$(TARGET_NAME)";
				SWIFT_VERSION = 3.0;
			};
			name = Debug;
		};
		B161E1A51E6F26CB00692820 /* Release */ = {
			isa = XCBuildConfiguration;
			baseConfigurationReference = 123D170EDEB7186FD39D93E0 /* Pods-JLTest.release.xcconfig */;
			buildSettings = {
				ASSETCATALOG_COMPILER_APPICON_NAME = AppIcon;
				DEVELOPMENT_TEAM = 5R59WRDGLW;
				INFOPLIST_FILE = JLTest/Info.plist;
				LD_RUNPATH_SEARCH_PATHS = "$(inherited) @executable_path/Frameworks";
				PRODUCT_BUNDLE_IDENTIFIER = com.filtercode.JLTest;
				PRODUCT_NAME = "$(TARGET_NAME)";
				SWIFT_VERSION = 3.0;
			};
			name = Release;
		};
		B161E1A71E6F26CB00692820 /* Debug */ = {
			isa = XCBuildConfiguration;
			baseConfigurationReference = 08111AEE66C484A00A7A1AC7 /* Pods-JLTestTests.debug.xcconfig */;
			buildSettings = {
				ALWAYS_EMBED_SWIFT_STANDARD_LIBRARIES = YES;
				BUNDLE_LOADER = "$(TEST_HOST)";
				DEVELOPMENT_TEAM = 5R59WRDGLW;
				INFOPLIST_FILE = JLTestTests/Info.plist;
				LD_RUNPATH_SEARCH_PATHS = "$(inherited) @executable_path/Frameworks @loader_path/Frameworks";
				PRODUCT_BUNDLE_IDENTIFIER = com.filtercode.JLTestTests;
				PRODUCT_NAME = "$(TARGET_NAME)";
				SWIFT_VERSION = 3.0;
				TEST_HOST = "$(BUILT_PRODUCTS_DIR)/JLTest.app/JLTest";
			};
			name = Debug;
		};
		B161E1A81E6F26CB00692820 /* Release */ = {
			isa = XCBuildConfiguration;
			baseConfigurationReference = B572B1F8B31546544CBC8DB5 /* Pods-JLTestTests.release.xcconfig */;
			buildSettings = {
				ALWAYS_EMBED_SWIFT_STANDARD_LIBRARIES = YES;
				BUNDLE_LOADER = "$(TEST_HOST)";
				DEVELOPMENT_TEAM = 5R59WRDGLW;
				INFOPLIST_FILE = JLTestTests/Info.plist;
				LD_RUNPATH_SEARCH_PATHS = "$(inherited) @executable_path/Frameworks @loader_path/Frameworks";
				PRODUCT_BUNDLE_IDENTIFIER = com.filtercode.JLTestTests;
				PRODUCT_NAME = "$(TARGET_NAME)";
				SWIFT_VERSION = 3.0;
				TEST_HOST = "$(BUILT_PRODUCTS_DIR)/JLTest.app/JLTest";
			};
			name = Release;
		};
/* End XCBuildConfiguration section */

/* Begin XCConfigurationList section */
		B161E1811E6F26CB00692820 /* Build configuration list for PBXProject "JLTest" */ = {
			isa = XCConfigurationList;
			buildConfigurations = (
				B161E1A11E6F26CB00692820 /* Debug */,
				B161E1A21E6F26CB00692820 /* Release */,
			);
			defaultConfigurationIsVisible = 0;
			defaultConfigurationName = Release;
		};
		B161E1A31E6F26CB00692820 /* Build configuration list for PBXNativeTarget "JLTest" */ = {
			isa = XCConfigurationList;
			buildConfigurations = (
				B161E1A41E6F26CB00692820 /* Debug */,
				B161E1A51E6F26CB00692820 /* Release */,
			);
			defaultConfigurationIsVisible = 0;
			defaultConfigurationName = Release;
		};
		B161E1A61E6F26CB00692820 /* Build configuration list for PBXNativeTarget "JLTestTests" */ = {
			isa = XCConfigurationList;
			buildConfigurations = (
				B161E1A71E6F26CB00692820 /* Debug */,
				B161E1A81E6F26CB00692820 /* Release */,
			);
			defaultConfigurationIsVisible = 0;
			defaultConfigurationName = Release;
		};
/* End XCConfigurationList section */
	};
	rootObject = B161E17E1E6F26CB00692820 /* Project object */;
}
